// !$*UTF8*$!
{
	archiveVersion = 1;
	classes = {
	};
	objectVersion = 50;
	objects = {

/* Begin PBXBuildFile section */
		2CBD426322F81F20003A9D29 /* AppDelegate.swift in Sources */ = {isa = PBXBuildFile; fileRef = 2CBD426222F81F20003A9D29 /* AppDelegate.swift */; };
		2CBD426522F81F20003A9D29 /* ViewController.swift in Sources */ = {isa = PBXBuildFile; fileRef = 2CBD426422F81F20003A9D29 /* ViewController.swift */; };
		2CBD426822F81F20003A9D29 /* Main.storyboard in Resources */ = {isa = PBXBuildFile; fileRef = 2CBD426622F81F20003A9D29 /* Main.storyboard */; };
		2CBD426A22F81F26003A9D29 /* Assets.xcassets in Resources */ = {isa = PBXBuildFile; fileRef = 2CBD426922F81F26003A9D29 /* Assets.xcassets */; };
		2CBD426D22F81F26003A9D29 /* LaunchScreen.storyboard in Resources */ = {isa = PBXBuildFile; fileRef = 2CBD426B22F81F26003A9D29 /* LaunchScreen.storyboard */; };
		2CBD427622F81F99003A9D29 /* CustomTableViewCell.swift in Sources */ = {isa = PBXBuildFile; fileRef = 2CBD427422F81F99003A9D29 /* CustomTableViewCell.swift */; };
		2CBD427722F81F99003A9D29 /* CustomTableViewCell.xib in Resources */ = {isa = PBXBuildFile; fileRef = 2CBD427522F81F99003A9D29 /* CustomTableViewCell.xib */; };
		2CBD427922F82455003A9D29 /* Gists.swift in Sources */ = {isa = PBXBuildFile; fileRef = 2CBD427822F82455003A9D29 /* Gists.swift */; };
/* End PBXBuildFile section */

/* Begin PBXFileReference section */
		2CBD425F22F81F20003A9D29 /* gists.app */ = {isa = PBXFileReference; explicitFileType = wrapper.application; includeInIndex = 0; path = gists.app; sourceTree = BUILT_PRODUCTS_DIR; };
		2CBD426222F81F20003A9D29 /* AppDelegate.swift */ = {isa = PBXFileReference; lastKnownFileType = sourcecode.swift; path = AppDelegate.swift; sourceTree = "<group>"; };
		2CBD426422F81F20003A9D29 /* ViewController.swift */ = {isa = PBXFileReference; lastKnownFileType = sourcecode.swift; path = ViewController.swift; sourceTree = "<group>"; };
		2CBD426722F81F20003A9D29 /* Base */ = {isa = PBXFileReference; lastKnownFileType = file.storyboard; name = Base; path = Base.lproj/Main.storyboard; sourceTree = "<group>"; };
		2CBD426922F81F26003A9D29 /* Assets.xcassets */ = {isa = PBXFileReference; lastKnownFileType = folder.assetcatalog; path = Assets.xcassets; sourceTree = "<group>"; };
		2CBD426C22F81F26003A9D29 /* Base */ = {isa = PBXFileReference; lastKnownFileType = file.storyboard; name = Base; path = Base.lproj/LaunchScreen.storyboard; sourceTree = "<group>"; };
		2CBD426E22F81F26003A9D29 /* Info.plist */ = {isa = PBXFileReference; lastKnownFileType = text.plist.xml; path = Info.plist; sourceTree = "<group>"; };
		2CBD427422F81F99003A9D29 /* CustomTableViewCell.swift */ = {isa = PBXFileReference; lastKnownFileType = sourcecode.swift; path = CustomTableViewCell.swift; sourceTree = "<group>"; };
		2CBD427522F81F99003A9D29 /* CustomTableViewCell.xib */ = {isa = PBXFileReference; lastKnownFileType = file.xib; path = CustomTableViewCell.xib; sourceTree = "<group>"; };
		2CBD427822F82455003A9D29 /* Gists.swift */ = {isa = PBXFileReference; lastKnownFileType = sourcecode.swift; path = Gists.swift; sourceTree = "<group>"; };
/* End PBXFileReference section */

/* Begin PBXFrameworksBuildPhase section */
		2CBD425C22F81F20003A9D29 /* Frameworks */ = {
			isa = PBXFrameworksBuildPhase;
			buildActionMask = 2147483647;
			files = (
			);
			runOnlyForDeploymentPostprocessing = 0;
		};
/* End PBXFrameworksBuildPhase section */

/* Begin PBXGroup section */
		2CBD425622F81F20003A9D29 = {
			isa = PBXGroup;
			children = (
				2CBD426122F81F20003A9D29 /* gists */,
				2CBD426022F81F20003A9D29 /* Products */,
			);
			sourceTree = "<group>";
		};
		2CBD426022F81F20003A9D29 /* Products */ = {
			isa = PBXGroup;
			children = (
				2CBD425F22F81F20003A9D29 /* gists.app */,
			);
			name = Products;
			sourceTree = "<group>";
		};
		2CBD426122F81F20003A9D29 /* gists */ = {
			isa = PBXGroup;
			children = (
				2CBD426222F81F20003A9D29 /* AppDelegate.swift */,
				2CBD426422F81F20003A9D29 /* ViewController.swift */,
				2CBD427422F81F99003A9D29 /* CustomTableViewCell.swift */,
				2CBD427822F82455003A9D29 /* Gists.swift */,
				2CBD427522F81F99003A9D29 /* CustomTableViewCell.xib */,
				2CBD426622F81F20003A9D29 /* Main.storyboard */,
				2CBD426922F81F26003A9D29 /* Assets.xcassets */,
				2CBD426B22F81F26003A9D29 /* LaunchScreen.storyboard */,
				2CBD426E22F81F26003A9D29 /* Info.plist */,
			);
			path = gists;
			sourceTree = "<group>";
		};
/* End PBXGroup section */

/* Begin PBXNativeTarget section */
		2CBD425E22F81F20003A9D29 /* gists */ = {
			isa = PBXNativeTarget;
			buildConfigurationList = 2CBD427122F81F26003A9D29 /* Build configuration list for PBXNativeTarget "gists" */;
			buildPhases = (
				2CBD425B22F81F20003A9D29 /* Sources */,
				2CBD425C22F81F20003A9D29 /* Frameworks */,
				2CBD425D22F81F20003A9D29 /* Resources */,
			);
			buildRules = (
			);
			dependencies = (
			);
			name = gists;
			productName = gists;
			productReference = 2CBD425F22F81F20003A9D29 /* gists.app */;
			productType = "com.apple.product-type.application";
		};
/* End PBXNativeTarget section */

/* Begin PBXProject section */
		2CBD425722F81F20003A9D29 /* Project object */ = {
			isa = PBXProject;
			attributes = {
				LastSwiftUpdateCheck = 1020;
				LastUpgradeCheck = 1020;
				ORGANIZATIONNAME = Dmitriy;
				TargetAttributes = {
					2CBD425E22F81F20003A9D29 = {
						CreatedOnToolsVersion = 10.2.1;
					};
				};
			};
			buildConfigurationList = 2CBD425A22F81F20003A9D29 /* Build configuration list for PBXProject "gists" */;
			compatibilityVersion = "Xcode 9.3";
			developmentRegion = en;
			hasScannedForEncodings = 0;
			knownRegions = (
				en,
				Base,
			);
			mainGroup = 2CBD425622F81F20003A9D29;
			productRefGroup = 2CBD426022F81F20003A9D29 /* Products */;
			projectDirPath = "";
			projectRoot = "";
			targets = (
				2CBD425E22F81F20003A9D29 /* gists */,
			);
		};
/* End PBXProject section */

/* Begin PBXResourcesBuildPhase section */
		2CBD425D22F81F20003A9D29 /* Resources */ = {
			isa = PBXResourcesBuildPhase;
			buildActionMask = 2147483647;
			files = (
				2CBD426D22F81F26003A9D29 /* LaunchScreen.storyboard in Resources */,
				2CBD426A22F81F26003A9D29 /* Assets.xcassets in Resources */,
				2CBD427722F81F99003A9D29 /* CustomTableViewCell.xib in Resources */,
				2CBD426822F81F20003A9D29 /* Main.storyboard in Resources */,
			);
			runOnlyForDeploymentPostprocessing = 0;
		};
/* End PBXResourcesBuildPhase section */

/* Begin PBXSourcesBuildPhase section */
		2CBD425B22F81F20003A9D29 /* Sources */ = {
			isa = PBXSourcesBuildPhase;
			buildActionMask = 2147483647;
			files = (
				2CBD427922F82455003A9D29 /* Gists.swift in Sources */,
				2CBD427622F81F99003A9D29 /* CustomTableViewCell.swift in Sources */,
				2CBD426522F81F20003A9D29 /* ViewController.swift in Sources */,
				2CBD426322F81F20003A9D29 /* AppDelegate.swift in Sources */,
			);
			runOnlyForDeploymentPostprocessing = 0;
		};
/* End PBXSourcesBuildPhase section */

/* Begin PBXVariantGroup section */
		2CBD426622F81F20003A9D29 /* Main.storyboard */ = {
			isa = PBXVariantGroup;
			children = (
				2CBD426722F81F20003A9D29 /* Base */,
			);
			name = Main.storyboard;
			sourceTree = "<group>";
		};
		2CBD426B22F81F26003A9D29 /* LaunchScreen.storyboard */ = {
			isa = PBXVariantGroup;
			children = (
				2CBD426C22F81F26003A9D29 /* Base */,
			);
			name = LaunchScreen.storyboard;
			sourceTree = "<group>";
		};
/* End PBXVariantGroup section */

/* Begin XCBuildConfiguration section */
		2CBD426F22F81F26003A9D29 /* Debug */ = {
			isa = XCBuildConfiguration;
			buildSettings = {
				ALWAYS_SEARCH_USER_PATHS = NO;
				CLANG_ANALYZER_NONNULL = YES;
				CLANG_ANALYZER_NUMBER_OBJECT_CONVERSION = YES_AGGRESSIVE;
				CLANG_CXX_LANGUAGE_STANDARD = "gnu++14";
				CLANG_CXX_LIBRARY = "libc++";
				CLANG_ENABLE_MODULES = YES;
				CLANG_ENABLE_OBJC_ARC = YES;
				CLANG_ENABLE_OBJC_WEAK = YES;
				CLANG_WARN_BLOCK_CAPTURE_AUTORELEASING = YES;
				CLANG_WARN_BOOL_CONVERSION = YES;
				CLANG_WARN_COMMA = YES;
				CLANG_WARN_CONSTANT_CONVERSION = YES;
				CLANG_WARN_DEPRECATED_OBJC_IMPLEMENTATIONS = YES;
				CLANG_WARN_DIRECT_OBJC_ISA_USAGE = YES_ERROR;
				CLANG_WARN_DOCUMENTATION_COMMENTS = YES;
				CLANG_WARN_EMPTY_BODY = YES;
				CLANG_WARN_ENUM_CONVERSION = YES;
				CLANG_WARN_INFINITE_RECURSION = YES;
				CLANG_WARN_INT_CONVERSION = YES;
				CLANG_WARN_NON_LITERAL_NULL_CONVERSION = YES;
				CLANG_WARN_OBJC_IMPLICIT_RETAIN_SELF = YES;
				CLANG_WARN_OBJC_LITERAL_CONVERSION = YES;
				CLANG_WARN_OBJC_ROOT_CLASS = YES_ERROR;
				CLANG_WARN_RANGE_LOOP_ANALYSIS = YES;
				CLANG_WARN_STRICT_PROTOTYPES = YES;
				CLANG_WARN_SUSPICIOUS_MOVE = YES;
				CLANG_WARN_UNGUARDED_AVAILABILITY = YES_AGGRESSIVE;
				CLANG_WARN_UNREACHABLE_CODE = YES;
				CLANG_WARN__DUPLICATE_METHOD_MATCH = YES;
				CODE_SIGN_IDENTITY = "iPhone Developer";
				COPY_PHASE_STRIP = NO;
				DEBUG_INFORMATION_FORMAT = dwarf;
				ENABLE_STRICT_OBJC_MSGSEND = YES;
				ENABLE_TESTABILITY = YES;
				GCC_C_LANGUAGE_STANDARD = gnu11;
				GCC_DYNAMIC_NO_PIC = NO;
				GCC_NO_COMMON_BLOCKS = YES;
				GCC_OPTIMIZATION_LEVEL = 0;
				GCC_PREPROCESSOR_DEFINITIONS = (
					"DEBUG=1",
					"$(inherited)",
				);
				GCC_WARN_64_TO_32_BIT_CONVERSION = YES;
				GCC_WARN_ABOUT_RETURN_TYPE = YES_ERROR;
				GCC_WARN_UNDECLARED_SELECTOR = YES;
				GCC_WARN_UNINITIALIZED_AUTOS = YES_AGGRESSIVE;
				GCC_WARN_UNUSED_FUNCTION = YES;
				GCC_WARN_UNUSED_VARIABLE = YES;
				IPHONEOS_DEPLOYMENT_TARGET = 12.2;
				MTL_ENABLE_DEBUG_INFO = INCLUDE_SOURCE;
				MTL_FAST_MATH = YES;
				ONLY_ACTIVE_ARCH = YES;
				SDKROOT = iphoneos;
				SWIFT_ACTIVE_COMPILATION_CONDITIONS = DEBUG;
				SWIFT_OPTIMIZATION_LEVEL = "-Onone";
			};
			name = Debug;
		};
		2CBD427022F81F26003A9D29 /* Release */ = {
			isa = XCBuildConfiguration;
			buildSettings = {
				ALWAYS_SEARCH_USER_PATHS = NO;
				CLANG_ANALYZER_NONNULL = YES;
				CLANG_ANALYZER_NUMBER_OBJECT_CONVERSION = YES_AGGRESSIVE;
				CLANG_CXX_LANGUAGE_STANDARD = "gnu++14";
				CLANG_CXX_LIBRARY = "libc++";
				CLANG_ENABLE_MODULES = YES;
				CLANG_ENABLE_OBJC_ARC = YES;
				CLANG_ENABLE_OBJC_WEAK = YES;
				CLANG_WARN_BLOCK_CAPTURE_AUTORELEASING = YES;
				CLANG_WARN_BOOL_CONVERSION = YES;
				CLANG_WARN_COMMA = YES;
				CLANG_WARN_CONSTANT_CONVERSION = YES;
				CLANG_WARN_DEPRECATED_OBJC_IMPLEMENTATIONS = YES;
				CLANG_WARN_DIRECT_OBJC_ISA_USAGE = YES_ERROR;
				CLANG_WARN_DOCUMENTATION_COMMENTS = YES;
				CLANG_WARN_EMPTY_BODY = YES;
				CLANG_WARN_ENUM_CONVERSION = YES;
				CLANG_WARN_INFINITE_RECURSION = YES;
				CLANG_WARN_INT_CONVERSION = YES;
				CLANG_WARN_NON_LITERAL_NULL_CONVERSION = YES;
				CLANG_WARN_OBJC_IMPLICIT_RETAIN_SELF = YES;
				CLANG_WARN_OBJC_LITERAL_CONVERSION = YES;
				CLANG_WARN_OBJC_ROOT_CLASS = YES_ERROR;
				CLANG_WARN_RANGE_LOOP_ANALYSIS = YES;
				CLANG_WARN_STRICT_PROTOTYPES = YES;
				CLANG_WARN_SUSPICIOUS_MOVE = YES;
				CLANG_WARN_UNGUARDED_AVAILABILITY = YES_AGGRESSIVE;
				CLANG_WARN_UNREACHABLE_CODE = YES;
				CLANG_WARN__DUPLICATE_METHOD_MATCH = YES;
				CODE_SIGN_IDENTITY = "iPhone Developer";
				COPY_PHASE_STRIP = NO;
				DEBUG_INFORMATION_FORMAT = "dwarf-with-dsym";
				ENABLE_NS_ASSERTIONS = NO;
				ENABLE_STRICT_OBJC_MSGSEND = YES;
				GCC_C_LANGUAGE_STANDARD = gnu11;
				GCC_NO_COMMON_BLOCKS = YES;
				GCC_WARN_64_TO_32_BIT_CONVERSION = YES;
				GCC_WARN_ABOUT_RETURN_TYPE = YES_ERROR;
				GCC_WARN_UNDECLARED_SELECTOR = YES;
				GCC_WARN_UNINITIALIZED_AUTOS = YES_AGGRESSIVE;
				GCC_WARN_UNUSED_FUNCTION = YES;
				GCC_WARN_UNUSED_VARIABLE = YES;
				IPHONEOS_DEPLOYMENT_TARGET = 12.2;
				MTL_ENABLE_DEBUG_INFO = NO;
				MTL_FAST_MATH = YES;
				SDKROOT = iphoneos;
				SWIFT_COMPILATION_MODE = wholemodule;
				SWIFT_OPTIMIZATION_LEVEL = "-O";
				VALIDATE_PRODUCT = YES;
			};
			name = Release;
		};
		2CBD427222F81F26003A9D29 /* Debug */ = {
			isa = XCBuildConfiguration;
			buildSettings = {
				ASSETCATALOG_COMPILER_APPICON_NAME = AppIcon;
				CODE_SIGN_STYLE = Automatic;
				INFOPLIST_FILE = gists/Info.plist;
				LD_RUNPATH_SEARCH_PATHS = (
					"$(inherited)",
					"@executable_path/Frameworks",
				);
				PRODUCT_BUNDLE_IDENTIFIER = DS.gists;
				PRODUCT_NAME = "$(TARGET_NAME)";
				SWIFT_VERSION = 5.0;
				TARGETED_DEVICE_FAMILY = "1,2";
			};
			name = Debug;
		};
		2CBD427322F81F26003A9D29 /* Release */ = {
			isa = XCBuildConfiguration;
			buildSettings = {
				ASSETCATALOG_COMPILER_APPICON_NAME = AppIcon;
				CODE_SIGN_STYLE = Automatic;
				INFOPLIST_FILE = gists/Info.plist;
				LD_RUNPATH_SEARCH_PATHS = (
					"$(inherited)",
					"@executable_path/Frameworks",
				);
				PRODUCT_BUNDLE_IDENTIFIER = DS.gists;
				PRODUCT_NAME = "$(TARGET_NAME)";
				SWIFT_VERSION = 5.0;
				TARGETED_DEVICE_FAMILY = "1,2";
			};
			name = Release;
		};
/* End XCBuildConfiguration section */

/* Begin XCConfigurationList section */
		2CBD425A22F81F20003A9D29 /* Build configuration list for PBXProject "gists" */ = {
			isa = XCConfigurationList;
			buildConfigurations = (
				2CBD426F22F81F26003A9D29 /* Debug */,
				2CBD427022F81F26003A9D29 /* Release */,
			);
			defaultConfigurationIsVisible = 0;
			defaultConfigurationName = Release;
		};
		2CBD427122F81F26003A9D29 /* Build configuration list for PBXNativeTarget "gists" */ = {
			isa = XCConfigurationList;
			buildConfigurations = (
				2CBD427222F81F26003A9D29 /* Debug */,
				2CBD427322F81F26003A9D29 /* Release */,
			);
			defaultConfigurationIsVisible = 0;
			defaultConfigurationName = Release;
		};
/* End XCConfigurationList section */
	};
	rootObject = 2CBD425722F81F20003A9D29 /* Project object */;
}
